
Microsoft Visual Studio Solution File, Format Version 12.00
# Visual Studio Version 16
VisualStudioVersion = 16.0.29709.97
MinimumVisualStudioVersion = 10.0.40219.1
Project("{FAE04EC0-301F-11D3-BF4B-00C04F79EFBC}") = "HandyIpc", "HandyIpc\HandyIpc.csproj", "{5A19D35E-C6B3-4ABC-AF87-2CE7D82EFE59}"
EndProject
Project("{FAE04EC0-301F-11D3-BF4B-00C04F79EFBC}") = "HandyIpc.BuildTasks", "HandyIpc.BuildTasks\HandyIpc.BuildTasks.csproj", "{83114B11-768D-49A3-97D2-AB47012571DE}"
EndProject
Global
	GlobalSection(SolutionConfigurationPlatforms) = preSolution
		Debug|Any CPU = Debug|Any CPU
		Release|Any CPU = Release|Any CPU
	EndGlobalSection
	GlobalSection(ProjectConfigurationPlatforms) = postSolution
		{5A19D35E-C6B3-4ABC-AF87-2CE7D82EFE59}.Debug|Any CPU.ActiveCfg = Debug|Any CPU
		{5A19D35E-C6B3-4ABC-AF87-2CE7D82EFE59}.Debug|Any CPU.Build.0 = Debug|Any CPU
		{5A19D35E-C6B3-4ABC-AF87-2CE7D82EFE59}.Release|Any CPU.ActiveCfg = Release|Any CPU
		{5A19D35E-C6B3-4ABC-AF87-2CE7D82EFE59}.Release|Any CPU.Build.0 = Release|Any CPU
		{83114B11-768D-49A3-97D2-AB47012571DE}.Debug|Any CPU.ActiveCfg = Debug|Any CPU
		{83114B11-768D-49A3-97D2-AB47012571DE}.Debug|Any CPU.Build.0 = Debug|Any CPU
		{83114B11-768D-49A3-97D2-AB47012571DE}.Release|Any CPU.ActiveCfg = Release|Any CPU
		{83114B11-768D-49A3-97D2-AB47012571DE}.Release|Any CPU.Build.0 = Release|Any CPU
	EndGlobalSection
	GlobalSection(SolutionProperties) = preSolution
		HideSolutionNode = FALSE
	EndGlobalSection
	GlobalSection(ExtensibilityGlobals) = postSolution
		SolutionGuid = {9DBA57E2-51BE-4F8D-BF2D-4EF682D444DA}
	EndGlobalSection
EndGlobal
